Microsoft Visual Studio Solution File, Format Version 12.00
# Visual Studio Version 17
VisualStudioVersion = 17.5.2.0
MinimumVisualStudioVersion = 10.0.40219.1
Project("{FAE04EC0-301F-11D3-BF4B-00C04F79EFBC}") = "xUnitProject1", "xUnitProject1.csproj", "{68B9A19E-BB9B-AF3C-52FA-93E0098EC7DF}"
EndProject
Global
	GlobalSection(SolutionConfigurationPlatforms) = preSolution
		Debug|Any CPU = Debug|Any CPU
		Release|Any CPU = Release|Any CPU
	EndGlobalSection
	GlobalSection(ProjectConfigurationPlatforms) = postSolution
		{68B9A19E-BB9B-AF3C-52FA-93E0098EC7DF}.Debug|Any CPU.ActiveCfg = Debug|Any CPU
		{68B9A19E-BB9B-AF3C-52FA-93E0098EC7DF}.Debug|Any CPU.Build.0 = Debug|Any CPU
		{68B9A19E-BB9B-AF3C-52FA-93E0098EC7DF}.Release|Any CPU.ActiveCfg = Release|Any CPU
		{68B9A19E-BB9B-AF3C-52FA-93E0098EC7DF}.Release|Any CPU.Build.0 = Release|Any CPU
	EndGlobalSection
	GlobalSection(SolutionProperties) = preSolution
		HideSolutionNode = FALSE
	EndGlobalSection
	GlobalSection(ExtensibilityGlobals) = postSolution
		SolutionGuid = {8ACEB244-9B81-4209-A88C-963C04742DC0}
	EndGlobalSection
EndGlobal
